
Microsoft Visual Studio Solution File, Format Version 12.00
# Visual Studio Version 16
VisualStudioVersion = 16.0.30804.86
MinimumVisualStudioVersion = 10.0.40219.1
Project("{FAE04EC0-301F-11D3-BF4B-00C04F79EFBC}") = "Librurari", "Librurari\Librurari.csproj", "{31D7D518-B800-4E7A-8B14-31F4441D7D6A}"
EndProject
Global
	GlobalSection(SolutionConfigurationPlatforms) = preSolution
		Debug|Any CPU = Debug|Any CPU
		Release|Any CPU = Release|Any CPU
	EndGlobalSection
	GlobalSection(ProjectConfigurationPlatforms) = postSolution
		{31D7D518-B800-4E7A-8B14-31F4441D7D6A}.Debug|Any CPU.ActiveCfg = Debug|Any CPU
		{31D7D518-B800-4E7A-8B14-31F4441D7D6A}.Debug|Any CPU.Build.0 = Debug|Any CPU
		{31D7D518-B800-4E7A-8B14-31F4441D7D6A}.Release|Any CPU.ActiveCfg = Release|Any CPU
		{31D7D518-B800-4E7A-8B14-31F4441D7D6A}.Release|Any CPU.Build.0 = Release|Any CPU
	EndGlobalSection
	GlobalSection(SolutionProperties) = preSolution
		HideSolutionNode = FALSE
	EndGlobalSection
	GlobalSection(ExtensibilityGlobals) = postSolution
		SolutionGuid = {05F04D21-7D9A-4B3C-AB6D-983A7449A718}
	EndGlobalSection
EndGlobal
